{
  "pins" : [
    {
      "identity" : "misnap-ios",
      "kind" : "remoteSourceControl",
      "location" : "https://github.com/Mitek-Systems/MiSnap-iOS.git",
      "state" : {
        "branch" : "release/5.10.0",
        "revision" : "9ff079d9dc42f34f04ce0531bdfba7ba944a0669"
      }
    }
  ],
  "version" : 2
}
