{
  "pins" : [
    {
      "identity" : "misnap-ios",
      "kind" : "remoteSourceControl",
      "location" : "https://github.com/Mitek-Systems/MiSnap-iOS.git",
      "state" : {
        "branch" : "release/5.9.0",
        "revision" : "946a393ddc575b60f86a24ab8ec99e337b10a7c8"
      }
    }
  ],
  "version" : 2
}
