{
  "pins" : [
    {
      "identity" : "misnap-ios",
      "kind" : "remoteSourceControl",
      "location" : "https://github.com/Mitek-Systems/MiSnap-iOS.git",
      "state" : {
        "branch" : "release/5.9.1",
        "revision" : "ef89be85465f0b2c2a819d9a8c06f207d18d40a9"
      }
    }
  ],
  "version" : 2
}
